
Microsoft Visual Studio Solution File, Format Version 12.00
# Visual Studio Version 16
VisualStudioVersion = 16.0.30523.141
MinimumVisualStudioVersion = 10.0.40219.1
Project("{FAE04EC0-301F-11D3-BF4B-00C04F79EFBC}") = "4th lab", "4th lab\4th lab.csproj", "{C81A2A8E-2427-4630-A923-0B30C85B8C83}"
EndProject
Global
	GlobalSection(SolutionConfigurationPlatforms) = preSolution
		Debug|Any CPU = Debug|Any CPU
		Release|Any CPU = Release|Any CPU
	EndGlobalSection
	GlobalSection(ProjectConfigurationPlatforms) = postSolution
		{C81A2A8E-2427-4630-A923-0B30C85B8C83}.Debug|Any CPU.ActiveCfg = Debug|Any CPU
		{C81A2A8E-2427-4630-A923-0B30C85B8C83}.Debug|Any CPU.Build.0 = Debug|Any CPU
		{C81A2A8E-2427-4630-A923-0B30C85B8C83}.Release|Any CPU.ActiveCfg = Release|Any CPU
		{C81A2A8E-2427-4630-A923-0B30C85B8C83}.Release|Any CPU.Build.0 = Release|Any CPU
	EndGlobalSection
	GlobalSection(SolutionProperties) = preSolution
		HideSolutionNode = FALSE
	EndGlobalSection
	GlobalSection(ExtensibilityGlobals) = postSolution
		SolutionGuid = {D0E2F6B1-6F39-4C73-AE48-A92326B9141B}
	EndGlobalSection
EndGlobal
